
Microsoft Visual Studio Solution File, Format Version 12.00
# Visual Studio Version 16
VisualStudioVersion = 16.0.29920.165
MinimumVisualStudioVersion = 10.0.40219.1
Project("{FAE04EC0-301F-11D3-BF4B-00C04F79EFBC}") = "Enviar_Mensagens_WhatsApp", "Enviar_Mensagens_WhatsApp.csproj", "{633EB227-9E1C-4055-9C84-F695FB224741}"
EndProject
Global
	GlobalSection(SolutionConfigurationPlatforms) = preSolution
		Debug|Any CPU = Debug|Any CPU
		Release|Any CPU = Release|Any CPU
	EndGlobalSection
	GlobalSection(ProjectConfigurationPlatforms) = postSolution
		{633EB227-9E1C-4055-9C84-F695FB224741}.Debug|Any CPU.ActiveCfg = Debug|Any CPU
		{633EB227-9E1C-4055-9C84-F695FB224741}.Debug|Any CPU.Build.0 = Debug|Any CPU
		{633EB227-9E1C-4055-9C84-F695FB224741}.Release|Any CPU.ActiveCfg = Release|Any CPU
		{633EB227-9E1C-4055-9C84-F695FB224741}.Release|Any CPU.Build.0 = Release|Any CPU
	EndGlobalSection
	GlobalSection(SolutionProperties) = preSolution
		HideSolutionNode = FALSE
	EndGlobalSection
	GlobalSection(ExtensibilityGlobals) = postSolution
		SolutionGuid = {08A0D9FA-17D1-43B7-8207-A966868C65C2}
	EndGlobalSection
EndGlobal
