
Microsoft Visual Studio Solution File, Format Version 12.00
# Visual Studio Version 16
VisualStudioVersion = 16.0.29920.165
MinimumVisualStudioVersion = 10.0.40219.1
Project("{FAE04EC0-301F-11D3-BF4B-00C04F79EFBC}") = "Bot", "Bot.csproj", "{A204D76B-789E-4250-AFF5-F26CD769615A}"
EndProject
Global
	GlobalSection(SolutionConfigurationPlatforms) = preSolution
		Debug|Any CPU = Debug|Any CPU
		Release|Any CPU = Release|Any CPU
	EndGlobalSection
	GlobalSection(ProjectConfigurationPlatforms) = postSolution
		{A204D76B-789E-4250-AFF5-F26CD769615A}.Debug|Any CPU.ActiveCfg = Debug|Any CPU
		{A204D76B-789E-4250-AFF5-F26CD769615A}.Debug|Any CPU.Build.0 = Debug|Any CPU
		{A204D76B-789E-4250-AFF5-F26CD769615A}.Release|Any CPU.ActiveCfg = Release|Any CPU
		{A204D76B-789E-4250-AFF5-F26CD769615A}.Release|Any CPU.Build.0 = Release|Any CPU
	EndGlobalSection
	GlobalSection(SolutionProperties) = preSolution
		HideSolutionNode = FALSE
	EndGlobalSection
	GlobalSection(ExtensibilityGlobals) = postSolution
		SolutionGuid = {643DE1C2-2896-40E8-90EC-0D1448641AA7}
	EndGlobalSection
EndGlobal
