
Microsoft Visual Studio Solution File, Format Version 12.00
# Visual Studio Version 16
VisualStudioVersion = 16.0.30011.22
MinimumVisualStudioVersion = 10.0.40219.1
Project("{FAE04EC0-301F-11D3-BF4B-00C04F79EFBC}") = "Obtendo_Seguidores", "Obtendo_Seguidores.csproj", "{06F85AB0-E547-4DBB-B6F6-DC5CA01D5F07}"
EndProject
Global
	GlobalSection(SolutionConfigurationPlatforms) = preSolution
		Debug|Any CPU = Debug|Any CPU
		Release|Any CPU = Release|Any CPU
	EndGlobalSection
	GlobalSection(ProjectConfigurationPlatforms) = postSolution
		{06F85AB0-E547-4DBB-B6F6-DC5CA01D5F07}.Debug|Any CPU.ActiveCfg = Debug|Any CPU
		{06F85AB0-E547-4DBB-B6F6-DC5CA01D5F07}.Debug|Any CPU.Build.0 = Debug|Any CPU
		{06F85AB0-E547-4DBB-B6F6-DC5CA01D5F07}.Release|Any CPU.ActiveCfg = Release|Any CPU
		{06F85AB0-E547-4DBB-B6F6-DC5CA01D5F07}.Release|Any CPU.Build.0 = Release|Any CPU
	EndGlobalSection
	GlobalSection(SolutionProperties) = preSolution
		HideSolutionNode = FALSE
	EndGlobalSection
	GlobalSection(ExtensibilityGlobals) = postSolution
		SolutionGuid = {547FC575-FD1C-4E34-BFEA-2253652133F1}
	EndGlobalSection
EndGlobal
